// !$*UTF8*$!
{
	archiveVersion = 1;
	classes = {
	};
	objectVersion = 46;
	objects = {

/* Begin PBXBuildFile section */
		4671423BD872987D44CCFED8 /* Pods_Phat.framework in Frameworks */ = {isa = PBXBuildFile; fileRef = 6CD197B08554A261BC81ED11 /* Pods_Phat.framework */; };
		F23B1A841CA1F5D500A91FE4 /* AppDelegate.swift in Sources */ = {isa = PBXBuildFile; fileRef = F23B1A831CA1F5D500A91FE4 /* AppDelegate.swift */; };
		F23B1A891CA1F5D500A91FE4 /* Main.storyboard in Resources */ = {isa = PBXBuildFile; fileRef = F23B1A871CA1F5D500A91FE4 /* Main.storyboard */; };
		F23B1A8B1CA1F5D500A91FE4 /* Assets.xcassets in Resources */ = {isa = PBXBuildFile; fileRef = F23B1A8A1CA1F5D500A91FE4 /* Assets.xcassets */; };
		F23B1A8E1CA1F5D500A91FE4 /* LaunchScreen.storyboard in Resources */ = {isa = PBXBuildFile; fileRef = F23B1A8C1CA1F5D500A91FE4 /* LaunchScreen.storyboard */; };
		F23B1A961CA2011700A91FE4 /* LoginViewController.swift in Sources */ = {isa = PBXBuildFile; fileRef = F23B1A951CA2011700A91FE4 /* LoginViewController.swift */; };
		F23B1A9A1CA2093800A91FE4 /* ChatViewController.swift in Sources */ = {isa = PBXBuildFile; fileRef = F23B1A991CA2093800A91FE4 /* ChatViewController.swift */; };
		F23B1A9F1CA20B9B00A91FE4 /* Message.swift in Sources */ = {isa = PBXBuildFile; fileRef = F23B1A9E1CA20B9B00A91FE4 /* Message.swift */; };
		F23B1AA31CA2176600A91FE4 /* TextCell.swift in Sources */ = {isa = PBXBuildFile; fileRef = F23B1AA21CA2176600A91FE4 /* TextCell.swift */; };
		F24893321CA49C2200E66923 /* RecentsViewController.swift in Sources */ = {isa = PBXBuildFile; fileRef = F24893311CA49C2200E66923 /* RecentsViewController.swift */; };
		F24893341CA49CE100E66923 /* RecentCell.swift in Sources */ = {isa = PBXBuildFile; fileRef = F24893331CA49CE100E66923 /* RecentCell.swift */; };
/* End PBXBuildFile section */

/* Begin PBXFileReference section */
		6CD197B08554A261BC81ED11 /* Pods_Phat.framework */ = {isa = PBXFileReference; explicitFileType = wrapper.framework; includeInIndex = 0; path = Pods_Phat.framework; sourceTree = BUILT_PRODUCTS_DIR; };
		6D61057657B157E805007943 /* Pods-Phat.debug.xcconfig */ = {isa = PBXFileReference; includeInIndex = 1; lastKnownFileType = text.xcconfig; name = "Pods-Phat.debug.xcconfig"; path = "Pods/Target Support Files/Pods-Phat/Pods-Phat.debug.xcconfig"; sourceTree = "<group>"; };
		E36C4D53C25B4B45B4964861 /* Pods-Phat.release.xcconfig */ = {isa = PBXFileReference; includeInIndex = 1; lastKnownFileType = text.xcconfig; name = "Pods-Phat.release.xcconfig"; path = "Pods/Target Support Files/Pods-Phat/Pods-Phat.release.xcconfig"; sourceTree = "<group>"; };
		F20E9C1F1CA51A0200742CCE /* Bolts.framework */ = {isa = PBXFileReference; lastKnownFileType = wrapper.framework; name = Bolts.framework; path = "../../parse-library-1.12.0/Bolts.framework"; sourceTree = "<group>"; };
		F20E9C201CA51A0200742CCE /* Parse.framework */ = {isa = PBXFileReference; lastKnownFileType = wrapper.framework; name = Parse.framework; path = "../../parse-library-1.12.0/Parse.framework"; sourceTree = "<group>"; };
		F23B1A801CA1F5D500A91FE4 /* Phat.app */ = {isa = PBXFileReference; explicitFileType = wrapper.application; includeInIndex = 0; path = Phat.app; sourceTree = BUILT_PRODUCTS_DIR; };
		F23B1A831CA1F5D500A91FE4 /* AppDelegate.swift */ = {isa = PBXFileReference; lastKnownFileType = sourcecode.swift; path = AppDelegate.swift; sourceTree = "<group>"; };
		F23B1A881CA1F5D500A91FE4 /* Base */ = {isa = PBXFileReference; lastKnownFileType = file.storyboard; name = Base; path = Base.lproj/Main.storyboard; sourceTree = "<group>"; };
		F23B1A8A1CA1F5D500A91FE4 /* Assets.xcassets */ = {isa = PBXFileReference; lastKnownFileType = folder.assetcatalog; path = Assets.xcassets; sourceTree = "<group>"; };
		F23B1A8D1CA1F5D500A91FE4 /* Base */ = {isa = PBXFileReference; lastKnownFileType = file.storyboard; name = Base; path = Base.lproj/LaunchScreen.storyboard; sourceTree = "<group>"; };
		F23B1A8F1CA1F5D500A91FE4 /* Info.plist */ = {isa = PBXFileReference; lastKnownFileType = text.plist.xml; path = Info.plist; sourceTree = "<group>"; };
		F23B1A951CA2011700A91FE4 /* LoginViewController.swift */ = {isa = PBXFileReference; fileEncoding = 4; lastKnownFileType = sourcecode.swift; path = LoginViewController.swift; sourceTree = "<group>"; };
		F23B1A991CA2093800A91FE4 /* ChatViewController.swift */ = {isa = PBXFileReference; fileEncoding = 4; lastKnownFileType = sourcecode.swift; path = ChatViewController.swift; sourceTree = "<group>"; };
		F23B1A9E1CA20B9B00A91FE4 /* Message.swift */ = {isa = PBXFileReference; fileEncoding = 4; lastKnownFileType = sourcecode.swift; path = Message.swift; sourceTree = "<group>"; };
		F23B1AA21CA2176600A91FE4 /* TextCell.swift */ = {isa = PBXFileReference; fileEncoding = 4; lastKnownFileType = sourcecode.swift; path = TextCell.swift; sourceTree = "<group>"; };
		F24893311CA49C2200E66923 /* RecentsViewController.swift */ = {isa = PBXFileReference; fileEncoding = 4; lastKnownFileType = sourcecode.swift; path = RecentsViewController.swift; sourceTree = "<group>"; };
		F24893331CA49CE100E66923 /* RecentCell.swift */ = {isa = PBXFileReference; fileEncoding = 4; lastKnownFileType = sourcecode.swift; path = RecentCell.swift; sourceTree = "<group>"; };
/* End PBXFileReference section */

/* Begin PBXFrameworksBuildPhase section */
		F23B1A7D1CA1F5D500A91FE4 /* Frameworks */ = {
			isa = PBXFrameworksBuildPhase;
			buildActionMask = 2147483647;
			files = (
				4671423BD872987D44CCFED8 /* Pods_Phat.framework in Frameworks */,
			);
			runOnlyForDeploymentPostprocessing = 0;
		};
/* End PBXFrameworksBuildPhase section */

/* Begin PBXGroup section */
		0E7442F2BEA48DFBA5F66DB5 /* Frameworks */ = {
			isa = PBXGroup;
			children = (
				F20E9C1F1CA51A0200742CCE /* Bolts.framework */,
				F20E9C201CA51A0200742CCE /* Parse.framework */,
				6CD197B08554A261BC81ED11 /* Pods_Phat.framework */,
			);
			name = Frameworks;
			sourceTree = "<group>";
		};
		7E26397A8F0565DCA80566AF /* Pods */ = {
			isa = PBXGroup;
			children = (
				6D61057657B157E805007943 /* Pods-Phat.debug.xcconfig */,
				E36C4D53C25B4B45B4964861 /* Pods-Phat.release.xcconfig */,
			);
			name = Pods;
			sourceTree = "<group>";
		};
		F23B1A771CA1F5D500A91FE4 = {
			isa = PBXGroup;
			children = (
				F23B1A821CA1F5D500A91FE4 /* Phat */,
				F23B1A811CA1F5D500A91FE4 /* Products */,
				0E7442F2BEA48DFBA5F66DB5 /* Frameworks */,
				7E26397A8F0565DCA80566AF /* Pods */,
			);
			sourceTree = "<group>";
		};
		F23B1A811CA1F5D500A91FE4 /* Products */ = {
			isa = PBXGroup;
			children = (
				F23B1A801CA1F5D500A91FE4 /* Phat.app */,
			);
			name = Products;
			sourceTree = "<group>";
		};
		F23B1A821CA1F5D500A91FE4 /* Phat */ = {
			isa = PBXGroup;
			children = (
				F23B1A831CA1F5D500A91FE4 /* AppDelegate.swift */,
				F23B1A871CA1F5D500A91FE4 /* Main.storyboard */,
				F23B1A8A1CA1F5D500A91FE4 /* Assets.xcassets */,
				F23B1A8C1CA1F5D500A91FE4 /* LaunchScreen.storyboard */,
				F23B1A8F1CA1F5D500A91FE4 /* Info.plist */,
				F23B1A951CA2011700A91FE4 /* LoginViewController.swift */,
				F23B1A991CA2093800A91FE4 /* ChatViewController.swift */,
				F23B1A9E1CA20B9B00A91FE4 /* Message.swift */,
				F23B1AA21CA2176600A91FE4 /* TextCell.swift */,
				F24893311CA49C2200E66923 /* RecentsViewController.swift */,
				F24893331CA49CE100E66923 /* RecentCell.swift */,
			);
			path = Phat;
			sourceTree = "<group>";
		};
/* End PBXGroup section */

/* Begin PBXNativeTarget section */
		F23B1A7F1CA1F5D500A91FE4 /* Phat */ = {
			isa = PBXNativeTarget;
			buildConfigurationList = F23B1A921CA1F5D500A91FE4 /* Build configuration list for PBXNativeTarget "Phat" */;
			buildPhases = (
				20DB5E74EE56F9399273260C /* 📦 Check Pods Manifest.lock */,
				F23B1A7C1CA1F5D500A91FE4 /* Sources */,
				F23B1A7D1CA1F5D500A91FE4 /* Frameworks */,
				F23B1A7E1CA1F5D500A91FE4 /* Resources */,
				F706DB773624979A3072F7D8 /* 📦 Embed Pods Frameworks */,
				B8B1402AFEB70BBE8ACD34FC /* 📦 Copy Pods Resources */,
			);
			buildRules = (
			);
			dependencies = (
			);
			name = Phat;
			productName = Phat;
			productReference = F23B1A801CA1F5D500A91FE4 /* Phat.app */;
			productType = "com.apple.product-type.application";
		};
/* End PBXNativeTarget section */

/* Begin PBXProject section */
		F23B1A781CA1F5D500A91FE4 /* Project object */ = {
			isa = PBXProject;
			attributes = {
				LastSwiftUpdateCheck = 0720;
				LastUpgradeCheck = 0720;
				ORGANIZATIONNAME = sirdas;
				TargetAttributes = {
					F23B1A7F1CA1F5D500A91FE4 = {
						CreatedOnToolsVersion = 7.2;
						DevelopmentTeam = 67XUB76L58;
					};
				};
			};
			buildConfigurationList = F23B1A7B1CA1F5D500A91FE4 /* Build configuration list for PBXProject "Phat" */;
			compatibilityVersion = "Xcode 3.2";
			developmentRegion = English;
			hasScannedForEncodings = 0;
			knownRegions = (
				en,
				Base,
			);
			mainGroup = F23B1A771CA1F5D500A91FE4;
			productRefGroup = F23B1A811CA1F5D500A91FE4 /* Products */;
			projectDirPath = "";
			projectRoot = "";
			targets = (
				F23B1A7F1CA1F5D500A91FE4 /* Phat */,
			);
		};
/* End PBXProject section */

/* Begin PBXResourcesBuildPhase section */
		F23B1A7E1CA1F5D500A91FE4 /* Resources */ = {
			isa = PBXResourcesBuildPhase;
			buildActionMask = 2147483647;
			files = (
				F23B1A8E1CA1F5D500A91FE4 /* LaunchScreen.storyboard in Resources */,
				F23B1A8B1CA1F5D500A91FE4 /* Assets.xcassets in Resources */,
				F23B1A891CA1F5D500A91FE4 /* Main.storyboard in Resources */,
			);
			runOnlyForDeploymentPostprocessing = 0;
		};
/* End PBXResourcesBuildPhase section */

/* Begin PBXShellScriptBuildPhase section */
		20DB5E74EE56F9399273260C /* 📦 Check Pods Manifest.lock */ = {
			isa = PBXShellScriptBuildPhase;
			buildActionMask = 2147483647;
			files = (
			);
			inputPaths = (
			);
			name = "📦 Check Pods Manifest.lock";
			outputPaths = (
			);
			runOnlyForDeploymentPostprocessing = 0;
			shellPath = /bin/sh;
			shellScript = "diff \"${PODS_ROOT}/../Podfile.lock\" \"${PODS_ROOT}/Manifest.lock\" > /dev/null\nif [[ $? != 0 ]] ; then\n    cat << EOM\nerror: The sandbox is not in sync with the Podfile.lock. Run 'pod install' or update your CocoaPods installation.\nEOM\n    exit 1\nfi\n";
			showEnvVarsInLog = 0;
		};
		B8B1402AFEB70BBE8ACD34FC /* 📦 Copy Pods Resources */ = {
			isa = PBXShellScriptBuildPhase;
			buildActionMask = 2147483647;
			files = (
			);
			inputPaths = (
			);
			name = "📦 Copy Pods Resources";
			outputPaths = (
			);
			runOnlyForDeploymentPostprocessing = 0;
			shellPath = /bin/sh;
			shellScript = "\"${SRCROOT}/Pods/Target Support Files/Pods-Phat/Pods-Phat-resources.sh\"\n";
			showEnvVarsInLog = 0;
		};
		F706DB773624979A3072F7D8 /* 📦 Embed Pods Frameworks */ = {
			isa = PBXShellScriptBuildPhase;
			buildActionMask = 2147483647;
			files = (
			);
			inputPaths = (
			);
			name = "📦 Embed Pods Frameworks";
			outputPaths = (
			);
			runOnlyForDeploymentPostprocessing = 0;
			shellPath = /bin/sh;
			shellScript = "\"${SRCROOT}/Pods/Target Support Files/Pods-Phat/Pods-Phat-frameworks.sh\"\n";
			showEnvVarsInLog = 0;
		};
/* End PBXShellScriptBuildPhase section */

/* Begin PBXSourcesBuildPhase section */
		F23B1A7C1CA1F5D500A91FE4 /* Sources */ = {
			isa = PBXSourcesBuildPhase;
			buildActionMask = 2147483647;
			files = (
				F23B1AA31CA2176600A91FE4 /* TextCell.swift in Sources */,
				F23B1A961CA2011700A91FE4 /* LoginViewController.swift in Sources */,
				F23B1A9A1CA2093800A91FE4 /* ChatViewController.swift in Sources */,
				F24893321CA49C2200E66923 /* RecentsViewController.swift in Sources */,
				F23B1A9F1CA20B9B00A91FE4 /* Message.swift in Sources */,
				F24893341CA49CE100E66923 /* RecentCell.swift in Sources */,
				F23B1A841CA1F5D500A91FE4 /* AppDelegate.swift in Sources */,
			);
			runOnlyForDeploymentPostprocessing = 0;
		};
/* End PBXSourcesBuildPhase section */

/* Begin PBXVariantGroup section */
		F23B1A871CA1F5D500A91FE4 /* Main.storyboard */ = {
			isa = PBXVariantGroup;
			children = (
				F23B1A881CA1F5D500A91FE4 /* Base */,
			);
			name = Main.storyboard;
			sourceTree = "<group>";
		};
		F23B1A8C1CA1F5D500A91FE4 /* LaunchScreen.storyboard */ = {
			isa = PBXVariantGroup;
			children = (
				F23B1A8D1CA1F5D500A91FE4 /* Base */,
			);
			name = LaunchScreen.storyboard;
			sourceTree = "<group>";
		};
/* End PBXVariantGroup section */

/* Begin XCBuildConfiguration section */
		F23B1A901CA1F5D500A91FE4 /* Debug */ = {
			isa = XCBuildConfiguration;
			buildSettings = {
				ALWAYS_SEARCH_USER_PATHS = NO;
				CLANG_CXX_LANGUAGE_STANDARD = "gnu++0x";
				CLANG_CXX_LIBRARY = "libc++";
				CLANG_ENABLE_MODULES = YES;
				CLANG_ENABLE_OBJC_ARC = YES;
				CLANG_WARN_BOOL_CONVERSION = YES;
				CLANG_WARN_CONSTANT_CONVERSION = YES;
				CLANG_WARN_DIRECT_OBJC_ISA_USAGE = YES_ERROR;
				CLANG_WARN_EMPTY_BODY = YES;
				CLANG_WARN_ENUM_CONVERSION = YES;
				CLANG_WARN_INT_CONVERSION = YES;
				CLANG_WARN_OBJC_ROOT_CLASS = YES_ERROR;
				CLANG_WARN_UNREACHABLE_CODE = YES;
				CLANG_WARN__DUPLICATE_METHOD_MATCH = YES;
				"CODE_SIGN_IDENTITY[sdk=iphoneos*]" = "iPhone Developer";
				COPY_PHASE_STRIP = NO;
				DEBUG_INFORMATION_FORMAT = dwarf;
				ENABLE_STRICT_OBJC_MSGSEND = YES;
				ENABLE_TESTABILITY = YES;
				GCC_C_LANGUAGE_STANDARD = gnu99;
				GCC_DYNAMIC_NO_PIC = NO;
				GCC_NO_COMMON_BLOCKS = YES;
				GCC_OPTIMIZATION_LEVEL = 0;
				GCC_PREPROCESSOR_DEFINITIONS = (
					"DEBUG=1",
					"$(inherited)",
				);
				GCC_WARN_64_TO_32_BIT_CONVERSION = YES;
				GCC_WARN_ABOUT_RETURN_TYPE = YES_ERROR;
				GCC_WARN_UNDECLARED_SELECTOR = YES;
				GCC_WARN_UNINITIALIZED_AUTOS = YES_AGGRESSIVE;
				GCC_WARN_UNUSED_FUNCTION = YES;
				GCC_WARN_UNUSED_VARIABLE = YES;
				IPHONEOS_DEPLOYMENT_TARGET = 9.2;
				MTL_ENABLE_DEBUG_INFO = YES;
				ONLY_ACTIVE_ARCH = YES;
				SDKROOT = iphoneos;
				SWIFT_OPTIMIZATION_LEVEL = "-Onone";
			};
			name = Debug;
		};
		F23B1A911CA1F5D500A91FE4 /* Release */ = {
			isa = XCBuildConfiguration;
			buildSettings = {
				ALWAYS_SEARCH_USER_PATHS = NO;
				CLANG_CXX_LANGUAGE_STANDARD = "gnu++0x";
				CLANG_CXX_LIBRARY = "libc++";
				CLANG_ENABLE_MODULES = YES;
				CLANG_ENABLE_OBJC_ARC = YES;
				CLANG_WARN_BOOL_CONVERSION = YES;
				CLANG_WARN_CONSTANT_CONVERSION = YES;
				CLANG_WARN_DIRECT_OBJC_ISA_USAGE = YES_ERROR;
				CLANG_WARN_EMPTY_BODY = YES;
				CLANG_WARN_ENUM_CONVERSION = YES;
				CLANG_WARN_INT_CONVERSION = YES;
				CLANG_WARN_OBJC_ROOT_CLASS = YES_ERROR;
				CLANG_WARN_UNREACHABLE_CODE = YES;
				CLANG_WARN__DUPLICATE_METHOD_MATCH = YES;
				"CODE_SIGN_IDENTITY[sdk=iphoneos*]" = "iPhone Developer";
				COPY_PHASE_STRIP = NO;
				DEBUG_INFORMATION_FORMAT = "dwarf-with-dsym";
				ENABLE_NS_ASSERTIONS = NO;
				ENABLE_STRICT_OBJC_MSGSEND = YES;
				GCC_C_LANGUAGE_STANDARD = gnu99;
				GCC_NO_COMMON_BLOCKS = YES;
				GCC_WARN_64_TO_32_BIT_CONVERSION = YES;
				GCC_WARN_ABOUT_RETURN_TYPE = YES_ERROR;
				GCC_WARN_UNDECLARED_SELECTOR = YES;
				GCC_WARN_UNINITIALIZED_AUTOS = YES_AGGRESSIVE;
				GCC_WARN_UNUSED_FUNCTION = YES;
				GCC_WARN_UNUSED_VARIABLE = YES;
				IPHONEOS_DEPLOYMENT_TARGET = 9.2;
				MTL_ENABLE_DEBUG_INFO = NO;
				SDKROOT = iphoneos;
				VALIDATE_PRODUCT = YES;
			};
			name = Release;
		};
		F23B1A931CA1F5D500A91FE4 /* Debug */ = {
			isa = XCBuildConfiguration;
			baseConfigurationReference = 6D61057657B157E805007943 /* Pods-Phat.debug.xcconfig */;
			buildSettings = {
				ASSETCATALOG_COMPILER_APPICON_NAME = AppIcon;
				INFOPLIST_FILE = Phat/Info.plist;
				LD_RUNPATH_SEARCH_PATHS = "$(inherited) @executable_path/Frameworks";
				PRODUCT_BUNDLE_IDENTIFIER = com.sirdas.Phat;
				PRODUCT_NAME = "$(TARGET_NAME)";
			};
			name = Debug;
		};
		F23B1A941CA1F5D500A91FE4 /* Release */ = {
			isa = XCBuildConfiguration;
			baseConfigurationReference = E36C4D53C25B4B45B4964861 /* Pods-Phat.release.xcconfig */;
			buildSettings = {
				ASSETCATALOG_COMPILER_APPICON_NAME = AppIcon;
				INFOPLIST_FILE = Phat/Info.plist;
				LD_RUNPATH_SEARCH_PATHS = "$(inherited) @executable_path/Frameworks";
				PRODUCT_BUNDLE_IDENTIFIER = com.sirdas.Phat;
				PRODUCT_NAME = "$(TARGET_NAME)";
			};
			name = Release;
		};
/* End XCBuildConfiguration section */

/* Begin XCConfigurationList section */
		F23B1A7B1CA1F5D500A91FE4 /* Build configuration list for PBXProject "Phat" */ = {
			isa = XCConfigurationList;
			buildConfigurations = (
				F23B1A901CA1F5D500A91FE4 /* Debug */,
				F23B1A911CA1F5D500A91FE4 /* Release */,
			);
			defaultConfigurationIsVisible = 0;
			defaultConfigurationName = Release;
		};
		F23B1A921CA1F5D500A91FE4 /* Build configuration list for PBXNativeTarget "Phat" */ = {
			isa = XCConfigurationList;
			buildConfigurations = (
				F23B1A931CA1F5D500A91FE4 /* Debug */,
				F23B1A941CA1F5D500A91FE4 /* Release */,
			);
			defaultConfigurationIsVisible = 0;
			defaultConfigurationName = Release;
		};
/* End XCConfigurationList section */
	};
	rootObject = F23B1A781CA1F5D500A91FE4 /* Project object */;
}
